// !$*UTF8*$!
{
	archiveVersion = 1;
	classes = {
	};
	objectVersion = 56;
	objects = {

/* Begin PBXBuildFile section */
		741F72342BF14E9D00F96D1B /* Mobius_Demo_SwiftUIApp.swift in Sources */ = {isa = PBXBuildFile; fileRef = 741F72332BF14E9D00F96D1B /* Mobius_Demo_SwiftUIApp.swift */; };
		741F72362BF14E9D00F96D1B /* OrdersView.swift in Sources */ = {isa = PBXBuildFile; fileRef = 741F72352BF14E9D00F96D1B /* OrdersView.swift */; };
		741F72382BF14E9E00F96D1B /* Assets.xcassets in Resources */ = {isa = PBXBuildFile; fileRef = 741F72372BF14E9E00F96D1B /* Assets.xcassets */; };
		741F723B2BF14E9E00F96D1B /* Preview Assets.xcassets in Resources */ = {isa = PBXBuildFile; fileRef = 741F723A2BF14E9E00F96D1B /* Preview Assets.xcassets */; };
		74A9BB022BF152E7001180F2 /* SplitComponent.swift in Sources */ = {isa = PBXBuildFile; fileRef = 74A9BB012BF152E7001180F2 /* SplitComponent.swift */; };
		74A9BB052BF154B1001180F2 /* Color+Extension.swift in Sources */ = {isa = PBXBuildFile; fileRef = 74A9BB042BF154B1001180F2 /* Color+Extension.swift */; };
		74A9BB0A2BF156A7001180F2 /* OrderComponent.swift in Sources */ = {isa = PBXBuildFile; fileRef = 74A9BB092BF156A7001180F2 /* OrderComponent.swift */; };
		9BF2F4772BFE9A5300143BBD /* ChipsComponent.swift in Sources */ = {isa = PBXBuildFile; fileRef = 9BF2F4762BFE9A5300143BBD /* ChipsComponent.swift */; };
		9BF2F4792BFE9BFA00143BBD /* Service.swift in Sources */ = {isa = PBXBuildFile; fileRef = 9BF2F4782BFE9BFA00143BBD /* Service.swift */; };
		9BF2F47B2BFE9C3900143BBD /* OrdersViewModel.swift in Sources */ = {isa = PBXBuildFile; fileRef = 9BF2F47A2BFE9C3900143BBD /* OrdersViewModel.swift */; };
		9BF2F47D2BFE9C5E00143BBD /* PlaceholderView.swift in Sources */ = {isa = PBXBuildFile; fileRef = 9BF2F47C2BFE9C5E00143BBD /* PlaceholderView.swift */; };
		9BF2F47F2BFEA1E500143BBD /* Segment.swift in Sources */ = {isa = PBXBuildFile; fileRef = 9BF2F47E2BFEA1E500143BBD /* Segment.swift */; };
/* End PBXBuildFile section */

/* Begin PBXFileReference section */
		741F72302BF14E9D00F96D1B /* Mobius-Demo-SwiftUI.app */ = {isa = PBXFileReference; explicitFileType = wrapper.application; includeInIndex = 0; path = "Mobius-Demo-SwiftUI.app"; sourceTree = BUILT_PRODUCTS_DIR; };
		741F72332BF14E9D00F96D1B /* Mobius_Demo_SwiftUIApp.swift */ = {isa = PBXFileReference; lastKnownFileType = sourcecode.swift; path = Mobius_Demo_SwiftUIApp.swift; sourceTree = "<group>"; };
		741F72352BF14E9D00F96D1B /* OrdersView.swift */ = {isa = PBXFileReference; lastKnownFileType = sourcecode.swift; path = OrdersView.swift; sourceTree = "<group>"; };
		741F72372BF14E9E00F96D1B /* Assets.xcassets */ = {isa = PBXFileReference; lastKnownFileType = folder.assetcatalog; path = Assets.xcassets; sourceTree = "<group>"; };
		741F723A2BF14E9E00F96D1B /* Preview Assets.xcassets */ = {isa = PBXFileReference; lastKnownFileType = folder.assetcatalog; path = "Preview Assets.xcassets"; sourceTree = "<group>"; };
		74A9BB012BF152E7001180F2 /* SplitComponent.swift */ = {isa = PBXFileReference; lastKnownFileType = sourcecode.swift; path = SplitComponent.swift; sourceTree = "<group>"; };
		74A9BB042BF154B1001180F2 /* Color+Extension.swift */ = {isa = PBXFileReference; lastKnownFileType = sourcecode.swift; path = "Color+Extension.swift"; sourceTree = "<group>"; };
		74A9BB092BF156A7001180F2 /* OrderComponent.swift */ = {isa = PBXFileReference; lastKnownFileType = sourcecode.swift; path = OrderComponent.swift; sourceTree = "<group>"; };
		9BF2F4762BFE9A5300143BBD /* ChipsComponent.swift */ = {isa = PBXFileReference; lastKnownFileType = sourcecode.swift; path = ChipsComponent.swift; sourceTree = "<group>"; };
		9BF2F4782BFE9BFA00143BBD /* Service.swift */ = {isa = PBXFileReference; lastKnownFileType = sourcecode.swift; path = Service.swift; sourceTree = "<group>"; };
		9BF2F47A2BFE9C3900143BBD /* OrdersViewModel.swift */ = {isa = PBXFileReference; lastKnownFileType = sourcecode.swift; path = OrdersViewModel.swift; sourceTree = "<group>"; };
		9BF2F47C2BFE9C5E00143BBD /* PlaceholderView.swift */ = {isa = PBXFileReference; lastKnownFileType = sourcecode.swift; path = PlaceholderView.swift; sourceTree = "<group>"; };
		9BF2F47E2BFEA1E500143BBD /* Segment.swift */ = {isa = PBXFileReference; lastKnownFileType = sourcecode.swift; path = Segment.swift; sourceTree = "<group>"; };
/* End PBXFileReference section */

/* Begin PBXFrameworksBuildPhase section */
		741F722D2BF14E9D00F96D1B /* Frameworks */ = {
			isa = PBXFrameworksBuildPhase;
			buildActionMask = 2147483647;
			files = (
			);
			runOnlyForDeploymentPostprocessing = 0;
		};
/* End PBXFrameworksBuildPhase section */

/* Begin PBXGroup section */
		741F72272BF14E9D00F96D1B = {
			isa = PBXGroup;
			children = (
				741F72322BF14E9D00F96D1B /* Mobius-Demo-SwiftUI */,
				741F72312BF14E9D00F96D1B /* Products */,
			);
			sourceTree = "<group>";
		};
		741F72312BF14E9D00F96D1B /* Products */ = {
			isa = PBXGroup;
			children = (
				741F72302BF14E9D00F96D1B /* Mobius-Demo-SwiftUI.app */,
			);
			name = Products;
			sourceTree = "<group>";
		};
		741F72322BF14E9D00F96D1B /* Mobius-Demo-SwiftUI */ = {
			isa = PBXGroup;
			children = (
				9BF2F4782BFE9BFA00143BBD /* Service.swift */,
				74A9BB062BF15603001180F2 /* Utils */,
				74A9BB032BF1549F001180F2 /* Extensions */,
				74A9BB002BF152D8001180F2 /* Components */,
				741F72332BF14E9D00F96D1B /* Mobius_Demo_SwiftUIApp.swift */,
				741F72352BF14E9D00F96D1B /* OrdersView.swift */,
				9BF2F47A2BFE9C3900143BBD /* OrdersViewModel.swift */,
				741F72372BF14E9E00F96D1B /* Assets.xcassets */,
				741F72392BF14E9E00F96D1B /* Preview Content */,
			);
			path = "Mobius-Demo-SwiftUI";
			sourceTree = "<group>";
		};
		741F72392BF14E9E00F96D1B /* Preview Content */ = {
			isa = PBXGroup;
			children = (
				741F723A2BF14E9E00F96D1B /* Preview Assets.xcassets */,
			);
			path = "Preview Content";
			sourceTree = "<group>";
		};
		74A9BB002BF152D8001180F2 /* Components */ = {
			isa = PBXGroup;
			children = (
				74A9BB012BF152E7001180F2 /* SplitComponent.swift */,
				74A9BB092BF156A7001180F2 /* OrderComponent.swift */,
				9BF2F4762BFE9A5300143BBD /* ChipsComponent.swift */,
			);
			path = Components;
			sourceTree = "<group>";
		};
		74A9BB032BF1549F001180F2 /* Extensions */ = {
			isa = PBXGroup;
			children = (
				74A9BB042BF154B1001180F2 /* Color+Extension.swift */,
			);
			path = Extensions;
			sourceTree = "<group>";
		};
		74A9BB062BF15603001180F2 /* Utils */ = {
			isa = PBXGroup;
			children = (
				9BF2F47C2BFE9C5E00143BBD /* PlaceholderView.swift */,
				9BF2F47E2BFEA1E500143BBD /* Segment.swift */,
			);
			path = Utils;
			sourceTree = "<group>";
		};
/* End PBXGroup section */

/* Begin PBXNativeTarget section */
		741F722F2BF14E9D00F96D1B /* Mobius-Demo-SwiftUI */ = {
			isa = PBXNativeTarget;
			buildConfigurationList = 741F723E2BF14E9E00F96D1B /* Build configuration list for PBXNativeTarget "Mobius-Demo-SwiftUI" */;
			buildPhases = (
				741F722C2BF14E9D00F96D1B /* Sources */,
				741F722D2BF14E9D00F96D1B /* Frameworks */,
				741F722E2BF14E9D00F96D1B /* Resources */,
			);
			buildRules = (
			);
			dependencies = (
			);
			name = "Mobius-Demo-SwiftUI";
			productName = "Mobius-Demo-SwiftUI";
			productReference = 741F72302BF14E9D00F96D1B /* Mobius-Demo-SwiftUI.app */;
			productType = "com.apple.product-type.application";
		};
/* End PBXNativeTarget section */

/* Begin PBXProject section */
		741F72282BF14E9D00F96D1B /* Project object */ = {
			isa = PBXProject;
			attributes = {
				BuildIndependentTargetsInParallel = 1;
				LastSwiftUpdateCheck = 1530;
				LastUpgradeCheck = 1530;
				TargetAttributes = {
					741F722F2BF14E9D00F96D1B = {
						CreatedOnToolsVersion = 15.3;
					};
				};
			};
			buildConfigurationList = 741F722B2BF14E9D00F96D1B /* Build configuration list for PBXProject "Mobius-Demo-SwiftUI" */;
			compatibilityVersion = "Xcode 14.0";
			developmentRegion = en;
			hasScannedForEncodings = 0;
			knownRegions = (
				en,
				Base,
			);
			mainGroup = 741F72272BF14E9D00F96D1B;
			productRefGroup = 741F72312BF14E9D00F96D1B /* Products */;
			projectDirPath = "";
			projectRoot = "";
			targets = (
				741F722F2BF14E9D00F96D1B /* Mobius-Demo-SwiftUI */,
			);
		};
/* End PBXProject section */

/* Begin PBXResourcesBuildPhase section */
		741F722E2BF14E9D00F96D1B /* Resources */ = {
			isa = PBXResourcesBuildPhase;
			buildActionMask = 2147483647;
			files = (
				741F723B2BF14E9E00F96D1B /* Preview Assets.xcassets in Resources */,
				741F72382BF14E9E00F96D1B /* Assets.xcassets in Resources */,
			);
			runOnlyForDeploymentPostprocessing = 0;
		};
/* End PBXResourcesBuildPhase section */

/* Begin PBXSourcesBuildPhase section */
		741F722C2BF14E9D00F96D1B /* Sources */ = {
			isa = PBXSourcesBuildPhase;
			buildActionMask = 2147483647;
			files = (
				74A9BB0A2BF156A7001180F2 /* OrderComponent.swift in Sources */,
				9BF2F47F2BFEA1E500143BBD /* Segment.swift in Sources */,
				9BF2F4792BFE9BFA00143BBD /* Service.swift in Sources */,
				741F72362BF14E9D00F96D1B /* OrdersView.swift in Sources */,
				74A9BB022BF152E7001180F2 /* SplitComponent.swift in Sources */,
				741F72342BF14E9D00F96D1B /* Mobius_Demo_SwiftUIApp.swift in Sources */,
				74A9BB052BF154B1001180F2 /* Color+Extension.swift in Sources */,
				9BF2F4772BFE9A5300143BBD /* ChipsComponent.swift in Sources */,
				9BF2F47B2BFE9C3900143BBD /* OrdersViewModel.swift in Sources */,
				9BF2F47D2BFE9C5E00143BBD /* PlaceholderView.swift in Sources */,
			);
			runOnlyForDeploymentPostprocessing = 0;
		};
/* End PBXSourcesBuildPhase section */

/* Begin XCBuildConfiguration section */
		741F723C2BF14E9E00F96D1B /* Debug */ = {
			isa = XCBuildConfiguration;
			buildSettings = {
				ALWAYS_SEARCH_USER_PATHS = NO;
				ASSETCATALOG_COMPILER_GENERATE_SWIFT_ASSET_SYMBOL_EXTENSIONS = YES;
				CLANG_ANALYZER_NONNULL = YES;
				CLANG_ANALYZER_NUMBER_OBJECT_CONVERSION = YES_AGGRESSIVE;
				CLANG_CXX_LANGUAGE_STANDARD = "gnu++20";
				CLANG_ENABLE_MODULES = YES;
				CLANG_ENABLE_OBJC_ARC = YES;
				CLANG_ENABLE_OBJC_WEAK = YES;
				CLANG_WARN_BLOCK_CAPTURE_AUTORELEASING = YES;
				CLANG_WARN_BOOL_CONVERSION = YES;
				CLANG_WARN_COMMA = YES;
				CLANG_WARN_CONSTANT_CONVERSION = YES;
				CLANG_WARN_DEPRECATED_OBJC_IMPLEMENTATIONS = YES;
				CLANG_WARN_DIRECT_OBJC_ISA_USAGE = YES_ERROR;
				CLANG_WARN_DOCUMENTATION_COMMENTS = YES;
				CLANG_WARN_EMPTY_BODY = YES;
				CLANG_WARN_ENUM_CONVERSION = YES;
				CLANG_WARN_INFINITE_RECURSION = YES;
				CLANG_WARN_INT_CONVERSION = YES;
				CLANG_WARN_NON_LITERAL_NULL_CONVERSION = YES;
				CLANG_WARN_OBJC_IMPLICIT_RETAIN_SELF = YES;
				CLANG_WARN_OBJC_LITERAL_CONVERSION = YES;
				CLANG_WARN_OBJC_ROOT_CLASS = YES_ERROR;
				CLANG_WARN_QUOTED_INCLUDE_IN_FRAMEWORK_HEADER = YES;
				CLANG_WARN_RANGE_LOOP_ANALYSIS = YES;
				CLANG_WARN_STRICT_PROTOTYPES = YES;
				CLANG_WARN_SUSPICIOUS_MOVE = YES;
				CLANG_WARN_UNGUARDED_AVAILABILITY = YES_AGGRESSIVE;
				CLANG_WARN_UNREACHABLE_CODE = YES;
				CLANG_WARN__DUPLICATE_METHOD_MATCH = YES;
				COPY_PHASE_STRIP = NO;
				DEBUG_INFORMATION_FORMAT = dwarf;
				ENABLE_STRICT_OBJC_MSGSEND = YES;
				ENABLE_TESTABILITY = YES;
				ENABLE_USER_SCRIPT_SANDBOXING = YES;
				GCC_C_LANGUAGE_STANDARD = gnu17;
				GCC_DYNAMIC_NO_PIC = NO;
				GCC_NO_COMMON_BLOCKS = YES;
				GCC_OPTIMIZATION_LEVEL = 0;
				GCC_PREPROCESSOR_DEFINITIONS = (
					"DEBUG=1",
					"$(inherited)",
				);
				GCC_WARN_64_TO_32_BIT_CONVERSION = YES;
				GCC_WARN_ABOUT_RETURN_TYPE = YES_ERROR;
				GCC_WARN_UNDECLARED_SELECTOR = YES;
				GCC_WARN_UNINITIALIZED_AUTOS = YES_AGGRESSIVE;
				GCC_WARN_UNUSED_FUNCTION = YES;
				GCC_WARN_UNUSED_VARIABLE = YES;
				IPHONEOS_DEPLOYMENT_TARGET = 17.4;
				LOCALIZATION_PREFERS_STRING_CATALOGS = YES;
				MTL_ENABLE_DEBUG_INFO = INCLUDE_SOURCE;
				MTL_FAST_MATH = YES;
				ONLY_ACTIVE_ARCH = YES;
				SDKROOT = iphoneos;
				SWIFT_ACTIVE_COMPILATION_CONDITIONS = "DEBUG $(inherited)";
				SWIFT_OPTIMIZATION_LEVEL = "-Onone";
			};
			name = Debug;
		};
		741F723D2BF14E9E00F96D1B /* Release */ = {
			isa = XCBuildConfiguration;
			buildSettings = {
				ALWAYS_SEARCH_USER_PATHS = NO;
				ASSETCATALOG_COMPILER_GENERATE_SWIFT_ASSET_SYMBOL_EXTENSIONS = YES;
				CLANG_ANALYZER_NONNULL = YES;
				CLANG_ANALYZER_NUMBER_OBJECT_CONVERSION = YES_AGGRESSIVE;
				CLANG_CXX_LANGUAGE_STANDARD = "gnu++20";
				CLANG_ENABLE_MODULES = YES;
				CLANG_ENABLE_OBJC_ARC = YES;
				CLANG_ENABLE_OBJC_WEAK = YES;
				CLANG_WARN_BLOCK_CAPTURE_AUTORELEASING = YES;
				CLANG_WARN_BOOL_CONVERSION = YES;
				CLANG_WARN_COMMA = YES;
				CLANG_WARN_CONSTANT_CONVERSION = YES;
				CLANG_WARN_DEPRECATED_OBJC_IMPLEMENTATIONS = YES;
				CLANG_WARN_DIRECT_OBJC_ISA_USAGE = YES_ERROR;
				CLANG_WARN_DOCUMENTATION_COMMENTS = YES;
				CLANG_WARN_EMPTY_BODY = YES;
				CLANG_WARN_ENUM_CONVERSION = YES;
				CLANG_WARN_INFINITE_RECURSION = YES;
				CLANG_WARN_INT_CONVERSION = YES;
				CLANG_WARN_NON_LITERAL_NULL_CONVERSION = YES;
				CLANG_WARN_OBJC_IMPLICIT_RETAIN_SELF = YES;
				CLANG_WARN_OBJC_LITERAL_CONVERSION = YES;
				CLANG_WARN_OBJC_ROOT_CLASS = YES_ERROR;
				CLANG_WARN_QUOTED_INCLUDE_IN_FRAMEWORK_HEADER = YES;
				CLANG_WARN_RANGE_LOOP_ANALYSIS = YES;
				CLANG_WARN_STRICT_PROTOTYPES = YES;
				CLANG_WARN_SUSPICIOUS_MOVE = YES;
				CLANG_WARN_UNGUARDED_AVAILABILITY = YES_AGGRESSIVE;
				CLANG_WARN_UNREACHABLE_CODE = YES;
				CLANG_WARN__DUPLICATE_METHOD_MATCH = YES;
				COPY_PHASE_STRIP = NO;
				DEBUG_INFORMATION_FORMAT = "dwarf-with-dsym";
				ENABLE_NS_ASSERTIONS = NO;
				ENABLE_STRICT_OBJC_MSGSEND = YES;
				ENABLE_USER_SCRIPT_SANDBOXING = YES;
				GCC_C_LANGUAGE_STANDARD = gnu17;
				GCC_NO_COMMON_BLOCKS = YES;
				GCC_WARN_64_TO_32_BIT_CONVERSION = YES;
				GCC_WARN_ABOUT_RETURN_TYPE = YES_ERROR;
				GCC_WARN_UNDECLARED_SELECTOR = YES;
				GCC_WARN_UNINITIALIZED_AUTOS = YES_AGGRESSIVE;
				GCC_WARN_UNUSED_FUNCTION = YES;
				GCC_WARN_UNUSED_VARIABLE = YES;
				IPHONEOS_DEPLOYMENT_TARGET = 17.4;
				LOCALIZATION_PREFERS_STRING_CATALOGS = YES;
				MTL_ENABLE_DEBUG_INFO = NO;
				MTL_FAST_MATH = YES;
				SDKROOT = iphoneos;
				SWIFT_COMPILATION_MODE = wholemodule;
				VALIDATE_PRODUCT = YES;
			};
			name = Release;
		};
		741F723F2BF14E9E00F96D1B /* Debug */ = {
			isa = XCBuildConfiguration;
			buildSettings = {
				ASSETCATALOG_COMPILER_APPICON_NAME = AppIcon;
				ASSETCATALOG_COMPILER_GLOBAL_ACCENT_COLOR_NAME = AccentColor;
				CODE_SIGN_STYLE = Automatic;
				CURRENT_PROJECT_VERSION = 1;
				DEVELOPMENT_ASSET_PATHS = "\"Mobius-Demo-SwiftUI/Preview Content\"";
				DEVELOPMENT_TEAM = 4GB4E68ZU6;
				ENABLE_PREVIEWS = YES;
				GENERATE_INFOPLIST_FILE = YES;
				INFOPLIST_KEY_UIApplicationSceneManifest_Generation = YES;
				INFOPLIST_KEY_UIApplicationSupportsIndirectInputEvents = YES;
				INFOPLIST_KEY_UILaunchScreen_Generation = YES;
				INFOPLIST_KEY_UISupportedInterfaceOrientations_iPad = "UIInterfaceOrientationPortrait UIInterfaceOrientationPortraitUpsideDown UIInterfaceOrientationLandscapeLeft UIInterfaceOrientationLandscapeRight";
				INFOPLIST_KEY_UISupportedInterfaceOrientations_iPhone = "UIInterfaceOrientationPortrait UIInterfaceOrientationLandscapeLeft UIInterfaceOrientationLandscapeRight";
				LD_RUNPATH_SEARCH_PATHS = (
					"$(inherited)",
					"@executable_path/Frameworks",
				);
				MARKETING_VERSION = 1.0;
				PRODUCT_BUNDLE_IDENTIFIER = "com.dsgnmike.Mobius-Demo-SwiftUI";
				PRODUCT_NAME = "$(TARGET_NAME)";
				SWIFT_EMIT_LOC_STRINGS = YES;
				SWIFT_VERSION = 5.0;
				TARGETED_DEVICE_FAMILY = "1,2";
			};
			name = Debug;
		};
		741F72402BF14E9E00F96D1B /* Release */ = {
			isa = XCBuildConfiguration;
			buildSettings = {
				ASSETCATALOG_COMPILER_APPICON_NAME = AppIcon;
				ASSETCATALOG_COMPILER_GLOBAL_ACCENT_COLOR_NAME = AccentColor;
				CODE_SIGN_STYLE = Automatic;
				CURRENT_PROJECT_VERSION = 1;
				DEVELOPMENT_ASSET_PATHS = "\"Mobius-Demo-SwiftUI/Preview Content\"";
				DEVELOPMENT_TEAM = 4GB4E68ZU6;
				ENABLE_PREVIEWS = YES;
				GENERATE_INFOPLIST_FILE = YES;
				INFOPLIST_KEY_UIApplicationSceneManifest_Generation = YES;
				INFOPLIST_KEY_UIApplicationSupportsIndirectInputEvents = YES;
				INFOPLIST_KEY_UILaunchScreen_Generation = YES;
				INFOPLIST_KEY_UISupportedInterfaceOrientations_iPad = "UIInterfaceOrientationPortrait UIInterfaceOrientationPortraitUpsideDown UIInterfaceOrientationLandscapeLeft UIInterfaceOrientationLandscapeRight";
				INFOPLIST_KEY_UISupportedInterfaceOrientations_iPhone = "UIInterfaceOrientationPortrait UIInterfaceOrientationLandscapeLeft UIInterfaceOrientationLandscapeRight";
				LD_RUNPATH_SEARCH_PATHS = (
					"$(inherited)",
					"@executable_path/Frameworks",
				);
				MARKETING_VERSION = 1.0;
				PRODUCT_BUNDLE_IDENTIFIER = "com.dsgnmike.Mobius-Demo-SwiftUI";
				PRODUCT_NAME = "$(TARGET_NAME)";
				SWIFT_EMIT_LOC_STRINGS = YES;
				SWIFT_VERSION = 5.0;
				TARGETED_DEVICE_FAMILY = "1,2";
			};
			name = Release;
		};
/* End XCBuildConfiguration section */

/* Begin XCConfigurationList section */
		741F722B2BF14E9D00F96D1B /* Build configuration list for PBXProject "Mobius-Demo-SwiftUI" */ = {
			isa = XCConfigurationList;
			buildConfigurations = (
				741F723C2BF14E9E00F96D1B /* Debug */,
				741F723D2BF14E9E00F96D1B /* Release */,
			);
			defaultConfigurationIsVisible = 0;
			defaultConfigurationName = Release;
		};
		741F723E2BF14E9E00F96D1B /* Build configuration list for PBXNativeTarget "Mobius-Demo-SwiftUI" */ = {
			isa = XCConfigurationList;
			buildConfigurations = (
				741F723F2BF14E9E00F96D1B /* Debug */,
				741F72402BF14E9E00F96D1B /* Release */,
			);
			defaultConfigurationIsVisible = 0;
			defaultConfigurationName = Release;
		};
/* End XCConfigurationList section */
	};
	rootObject = 741F72282BF14E9D00F96D1B /* Project object */;
}
